Microsoft Visual Studio Solution File, Format Version 12.00
# Visual Studio Version 17
VisualStudioVersion = 17.5.2.0
MinimumVisualStudioVersion = 10.0.40219.1
Project("{FAE04EC0-301F-11D3-BF4B-00C04F79EFBC}") = "WebProductManagement", "WebProductManagement.csproj", "{3650AD4D-0912-C795-B240-A371A97F6C90}"
EndProject
Global
	GlobalSection(SolutionConfigurationPlatforms) = preSolution
		Debug|Any CPU = Debug|Any CPU
		Release|Any CPU = Release|Any CPU
	EndGlobalSection
	GlobalSection(ProjectConfigurationPlatforms) = postSolution
		{3650AD4D-0912-C795-B240-A371A97F6C90}.Debug|Any CPU.ActiveCfg = Debug|Any CPU
		{3650AD4D-0912-C795-B240-A371A97F6C90}.Debug|Any CPU.Build.0 = Debug|Any CPU
		{3650AD4D-0912-C795-B240-A371A97F6C90}.Release|Any CPU.ActiveCfg = Release|Any CPU
		{3650AD4D-0912-C795-B240-A371A97F6C90}.Release|Any CPU.Build.0 = Release|Any CPU
	EndGlobalSection
	GlobalSection(SolutionProperties) = preSolution
		HideSolutionNode = FALSE
	EndGlobalSection
	GlobalSection(ExtensibilityGlobals) = postSolution
		SolutionGuid = {C535598C-B919-4C84-9CD6-5DB5D8E5ADC9}
	EndGlobalSection
EndGlobal
